{
  "name": "Vulnerable-Code-Snippets",
  "lockfileVersion": 3,
  "requires": true,
  "packages": {
    "": {
      "dependencies": {
        "@aikidosec/firewall": "^1.7.15"
      }
    },
    "node_modules/@aikidosec/firewall": {
      "version": "1.7.15",
      "resolved": "https://registry.npmjs.org/@aikidosec/firewall/-/firewall-1.7.15.tgz",
      "integrity": "sha512-g3vh0jtRZagSntV3qUpnYqfCO59bl7MWQRkC3J8Ed8Z8N3itJcEBUxMgnxzl3eCEqkwNguCGvKmIlQd1IrPjJA==",
      "license": "AGPL-3.0-or-later",
      "engines": {
        "node": ">=16"
      }
    }
  }
}
